{
    "_readme": [
        "This file locks the dependencies of your project to a known state",
        "Read more about it at https://getcomposer.org/doc/01-basic-usage.md#installing-dependencies",
        "This file is @generated automatically"
    ],
    "content-hash": "004a63f5ad5a50703c867379547ddeb9",
    "packages": [
        {
            "name": "mongdch/mon-cache",
            "version": "1.1.0",
            "dist": {
                "type": "zip",
                "url": "https://mirrors.tencent.com/repository/composer/mongdch/mon-cache/1.1.0/mongdch-mon-cache-1.1.0.zip",
                "reference": "84dc349ed4b5acf21923e36ccbf03f7a395d4d4e",
                "shasum": ""
            },
            "require": {
                "php": ">=7.0",
                "psr/simple-cache": "^1.0"
            },
            "suggest": {
                "ext-redis": "For better performance support."
            },
            "type": "library",
            "autoload": {
                "psr-4": {
                    "mon\\cache\\": "src/"
                }
            },
            "license": [
                "MIT"
            ],
            "authors": [
                {
                    "name": "Mon",
                    "email": "985558837@qq.com",
                    "homepage": "http://www.gdmon.com/",
                    "role": "Developer"
                }
            ],
            "description": "The PSR-16 simple cache utils.",
            "homepage": "http://gdmon.com/",
            "keywords": [
                "cache",
                "psr-16"
            ],
            "support": {
                "issues": "https://github.com/MonGDCH/mon-cache/issues",
                "source": "https://github.com/MonGDCH/mon-cache/tree/1.1.0"
            },
            "time": "2025-12-13T08:01:25+00:00"
        },
        {
            "name": "mongdch/mon-log",
            "version": "1.0.6",
            "dist": {
                "type": "zip",
                "url": "https://mirrors.tencent.com/repository/composer/mongdch/mon-log/1.0.6/mongdch-mon-log-1.0.6.zip",
                "reference": "8188d3cb8b41730e5510c26b7507bf4666e80930",
                "shasum": ""
            },
            "require": {
                "php": ">=7.0.0",
                "psr/log": ">=1.1"
            },
            "type": "library",
            "autoload": {
                "psr-4": {
                    "mon\\log\\": "src/"
                }
            },
            "license": [
                "MIT"
            ],
            "authors": [
                {
                    "name": "Mon",
                    "email": "985558837@qq.com",
                    "homepage": "http://www.gdmon.com/",
                    "role": "Developer"
                }
            ],
            "description": "The Logger Utils for PSR-3.",
            "homepage": "http://gdmon.com/",
            "keywords": [
                "log",
                "logger",
                "psr-3"
            ],
            "support": {
                "issues": "https://github.com/MonGDCH/mon-log/issues",
                "source": "https://github.com/MonGDCH/mon-log/tree/1.0.6"
            },
            "time": "2025-06-14T09:39:31+00:00"
        },
        {
            "name": "mongdch/mon-util",
            "version": "1.6.7",
            "dist": {
                "type": "zip",
                "url": "https://mirrors.tencent.com/repository/composer/mongdch/mon-util/1.6.7/mongdch-mon-util-1.6.7.zip",
                "reference": "ed262d1d531521d06c1d2cbe8158b0a90fde2471",
                "shasum": ""
            },
            "require": {
                "php": ">=7.2.0",
                "psr/container": "^2.0.0"
            },
            "type": "library",
            "autoload": {
                "files": [
                    "src/helpers.php"
                ],
                "psr-4": {
                    "mon\\util\\": "src/"
                }
            },
            "license": [
                "Apache-2.0"
            ],
            "authors": [
                {
                    "name": "Mon",
                    "email": "985558837@qq.com",
                    "homepage": "https://github.com/MonGDCH",
                    "role": "Developer"
                }
            ],
            "description": "常用的PHP工具类库，包含了各种各式各样的工具，如：容器、时间、验证器、多语言、图片处理、二维码生成、IP地址解析、文件操作、数据安全、数据字典等等等等。。。",
            "homepage": "https://github.com/MonGDCH",
            "keywords": [
                "mon",
                "tool",
                "util"
            ],
            "support": {
                "issues": "https://github.com/MonGDCH/mon-util/issues",
                "source": "https://github.com/MonGDCH/mon-util/tree/1.6.7"
            },
            "time": "2026-01-27T06:47:13+00:00"
        },
        {
            "name": "psr/container",
            "version": "2.0.2",
            "dist": {
                "type": "zip",
                "url": "https://mirrors.tencent.com/repository/composer/psr/container/2.0.2/psr-container-2.0.2.zip",
                "reference": "c71ecc56dfe541dbd90c5360474fbc405f8d5963",
                "shasum": ""
            },
            "require": {
                "php": ">=7.4.0"
            },
            "type": "library",
            "extra": {
                "branch-alias": {
                    "dev-master": "2.0.x-dev"
                }
            },
            "autoload": {
                "psr-4": {
                    "Psr\\Container\\": "src/"
                }
            },
            "license": [
                "MIT"
            ],
            "authors": [
                {
                    "name": "PHP-FIG",
                    "homepage": "https://www.php-fig.org/"
                }
            ],
            "description": "Common Container Interface (PHP FIG PSR-11)",
            "homepage": "https://github.com/php-fig/container",
            "keywords": [
                "PSR-11",
                "container",
                "container-interface",
                "container-interop",
                "psr"
            ],
            "support": {
                "issues": "https://github.com/php-fig/container/issues",
                "source": "https://github.com/php-fig/container/tree/2.0.2"
            },
            "time": "2021-11-05T16:47:00+00:00"
        },
        {
            "name": "psr/log",
            "version": "3.0.2",
            "dist": {
                "type": "zip",
                "url": "https://mirrors.tencent.com/repository/composer/psr/log/3.0.2/psr-log-3.0.2.zip",
                "reference": "f16e1d5863e37f8d8c2a01719f5b34baa2b714d3",
                "shasum": ""
            },
            "require": {
                "php": ">=8.0.0"
            },
            "type": "library",
            "extra": {
                "branch-alias": {
                    "dev-master": "3.x-dev"
                }
            },
            "autoload": {
                "psr-4": {
                    "Psr\\Log\\": "src"
                }
            },
            "license": [
                "MIT"
            ],
            "authors": [
                {
                    "name": "PHP-FIG",
                    "homepage": "https://www.php-fig.org/"
                }
            ],
            "description": "Common interface for logging libraries",
            "homepage": "https://github.com/php-fig/log",
            "keywords": [
                "log",
                "psr",
                "psr-3"
            ],
            "support": {
                "source": "https://github.com/php-fig/log/tree/3.0.2"
            },
            "time": "2024-09-11T13:17:53+00:00"
        },
        {
            "name": "psr/simple-cache",
            "version": "1.0.1",
            "dist": {
                "type": "zip",
                "url": "https://mirrors.tencent.com/repository/composer/psr/simple-cache/1.0.1/psr-simple-cache-1.0.1.zip",
                "reference": "408d5eafb83c57f6365a3ca330ff23aa4a5fa39b",
                "shasum": ""
            },
            "require": {
                "php": ">=5.3.0"
            },
            "type": "library",
            "extra": {
                "branch-alias": {
                    "dev-master": "1.0.x-dev"
                }
            },
            "autoload": {
                "psr-4": {
                    "Psr\\SimpleCache\\": "src/"
                }
            },
            "license": [
                "MIT"
            ],
            "authors": [
                {
                    "name": "PHP-FIG",
                    "homepage": "http://www.php-fig.org/"
                }
            ],
            "description": "Common interfaces for simple caching",
            "keywords": [
                "cache",
                "caching",
                "psr",
                "psr-16",
                "simple-cache"
            ],
            "support": {
                "source": "https://github.com/php-fig/simple-cache/tree/master"
            },
            "time": "2017-10-23T01:57:42+00:00"
        },
        {
            "name": "topthink/think-helper",
            "version": "v3.1.12",
            "dist": {
                "type": "zip",
                "url": "https://mirrors.tencent.com/repository/composer/topthink/think-helper/v3.1.12/topthink-think-helper-v3.1.12.zip",
                "reference": "fe277121112a8f1c872e169a733ca80bb11c4acb",
                "shasum": ""
            },
            "require": {
                "php": ">=7.1.0"
            },
            "require-dev": {
                "phpunit/phpunit": "^9.5"
            },
            "type": "library",
            "autoload": {
                "files": [
                    "src/helper.php"
                ],
                "psr-4": {
                    "think\\": "src"
                }
            },
            "license": [
                "Apache-2.0"
            ],
            "authors": [
                {
                    "name": "yunwuxin",
                    "email": "448901948@qq.com"
                }
            ],
            "description": "The ThinkPHP6 Helper Package",
            "support": {
                "issues": "https://github.com/top-think/think-helper/issues",
                "source": "https://github.com/top-think/think-helper/tree/v3.1.12"
            },
            "time": "2025-12-26T09:58:29+00:00"
        },
        {
            "name": "topthink/think-orm",
            "version": "v3.0.34",
            "dist": {
                "type": "zip",
                "url": "https://mirrors.tencent.com/repository/composer/topthink/think-orm/v3.0.34/topthink-think-orm-v3.0.34.zip",
                "reference": "715e55da149fe32a12d68ef10e5b00e70bd3dbec",
                "shasum": ""
            },
            "require": {
                "ext-json": "*",
                "ext-pdo": "*",
                "php": ">=8.0.0",
                "psr/log": ">=1.0",
                "psr/simple-cache": ">=1.0",
                "topthink/think-helper": "^3.1"
            },
            "require-dev": {
                "phpunit/phpunit": "^9.6|^10"
            },
            "suggest": {
                "ext-mongodb": "provide mongodb support"
            },
            "type": "library",
            "autoload": {
                "files": [
                    "stubs/load_stubs.php"
                ],
                "psr-4": {
                    "think\\": "src"
                }
            },
            "license": [
                "Apache-2.0"
            ],
            "authors": [
                {
                    "name": "liu21st",
                    "email": "liu21st@gmail.com"
                }
            ],
            "description": "the PHP Database&ORM Framework",
            "keywords": [
                "database",
                "orm"
            ],
            "support": {
                "issues": "https://github.com/top-think/think-orm/issues",
                "source": "https://github.com/top-think/think-orm/tree/v3.0.34"
            },
            "time": "2025-01-14T06:03:33+00:00"
        }
    ],
    "packages-dev": [],
    "aliases": [],
    "minimum-stability": "stable",
    "stability-flags": {
        "mongdch/mon-cache": 20,
        "mongdch/mon-log": 20,
        "mongdch/mon-util": 20
    },
    "prefer-stable": false,
    "prefer-lowest": false,
    "platform": {
        "php": ">=7.4.0"
    },
    "platform-dev": {},
    "plugin-api-version": "2.6.0"
}
